{
	"name": "preact-i18n-stack",
	"requires": true,
	"lockfileVersion": 1,
	"dependencies": {
		"preact": {
			"version": "10.4.4",
			"resolved": "https://registry.npmjs.org/preact/-/preact-10.4.4.tgz",
			"integrity": "sha512-EaTJrerceyAPatQ+vfnadoopsMBZAOY7ak9ogVdUi5xbpR8SoHgtLryXnW+4mQOwt21icqoVR1brkU2dq7pEBA==",
			"dev": true
		},
		"typescript": {
			"version": "3.9.3",
			"resolved": "https://registry.npmjs.org/typescript/-/typescript-3.9.3.tgz",
			"integrity": "sha512-D/wqnB2xzNFIcoBG9FG8cXRDjiqSTbG2wd8DMZeQyJlP1vfTkIxH4GKveWaEBYySKIg+USu+E+EDIR47SqnaMQ=="
		}
	}
}
